// !$*UTF8*$!
{
	archiveVersion = 1;
	classes = {
	};
	objectVersion = 48;
	objects = {

/* Begin PBXBuildFile section */
		8B313B881F74E57D008B5B5C /* AppDelegate.swift in Sources */ = {isa = PBXBuildFile; fileRef = 8B313B871F74E57D008B5B5C /* AppDelegate.swift */; };
		8B313B8A1F74E57D008B5B5C /* ViewController.swift in Sources */ = {isa = PBXBuildFile; fileRef = 8B313B891F74E57D008B5B5C /* ViewController.swift */; };
		8B313B8D1F74E57D008B5B5C /* Main.storyboard in Resources */ = {isa = PBXBuildFile; fileRef = 8B313B8B1F74E57D008B5B5C /* Main.storyboard */; };
		8B313B8F1F74E57D008B5B5C /* Assets.xcassets in Resources */ = {isa = PBXBuildFile; fileRef = 8B313B8E1F74E57D008B5B5C /* Assets.xcassets */; };
		8B313B921F74E57D008B5B5C /* LaunchScreen.storyboard in Resources */ = {isa = PBXBuildFile; fileRef = 8B313B901F74E57D008B5B5C /* LaunchScreen.storyboard */; };
/* End PBXBuildFile section */

/* Begin PBXFileReference section */
		8B313B841F74E57D008B5B5C /* SSMPrototype.app */ = {isa = PBXFileReference; explicitFileType = wrapper.application; includeInIndex = 0; path = SSMPrototype.app; sourceTree = BUILT_PRODUCTS_DIR; };
		8B313B871F74E57D008B5B5C /* AppDelegate.swift */ = {isa = PBXFileReference; lastKnownFileType = sourcecode.swift; path = AppDelegate.swift; sourceTree = "<group>"; };
		8B313B891F74E57D008B5B5C /* ViewController.swift */ = {isa = PBXFileReference; lastKnownFileType = sourcecode.swift; path = ViewController.swift; sourceTree = "<group>"; };
		8B313B8C1F74E57D008B5B5C /* Base */ = {isa = PBXFileReference; lastKnownFileType = file.storyboard; name = Base; path = Base.lproj/Main.storyboard; sourceTree = "<group>"; };
		8B313B8E1F74E57D008B5B5C /* Assets.xcassets */ = {isa = PBXFileReference; lastKnownFileType = folder.assetcatalog; path = Assets.xcassets; sourceTree = "<group>"; };
		8B313B911F74E57D008B5B5C /* Base */ = {isa = PBXFileReference; lastKnownFileType = file.storyboard; name = Base; path = Base.lproj/LaunchScreen.storyboard; sourceTree = "<group>"; };
		8B313B931F74E57D008B5B5C /* Info.plist */ = {isa = PBXFileReference; lastKnownFileType = text.plist.xml; path = Info.plist; sourceTree = "<group>"; };
/* End PBXFileReference section */

/* Begin PBXFrameworksBuildPhase section */
		8B313B811F74E57D008B5B5C /* Frameworks */ = {
			isa = PBXFrameworksBuildPhase;
			buildActionMask = 2147483647;
			files = (
			);
			runOnlyForDeploymentPostprocessing = 0;
		};
/* End PBXFrameworksBuildPhase section */

/* Begin PBXGroup section */
		8B313B7B1F74E57D008B5B5C = {
			isa = PBXGroup;
			children = (
				8B313B861F74E57D008B5B5C /* SSMPrototype */,
				8B313B851F74E57D008B5B5C /* Products */,
			);
			sourceTree = "<group>";
		};
		8B313B851F74E57D008B5B5C /* Products */ = {
			isa = PBXGroup;
			children = (
				8B313B841F74E57D008B5B5C /* SSMPrototype.app */,
			);
			name = Products;
			sourceTree = "<group>";
		};
		8B313B861F74E57D008B5B5C /* SSMPrototype */ = {
			isa = PBXGroup;
			children = (
				8B313B871F74E57D008B5B5C /* AppDelegate.swift */,
				8B313B891F74E57D008B5B5C /* ViewController.swift */,
				8B313B8B1F74E57D008B5B5C /* Main.storyboard */,
				8B313B8E1F74E57D008B5B5C /* Assets.xcassets */,
				8B313B901F74E57D008B5B5C /* LaunchScreen.storyboard */,
				8B313B931F74E57D008B5B5C /* Info.plist */,
			);
			path = SSMPrototype;
			sourceTree = "<group>";
		};
/* End PBXGroup section */

/* Begin PBXNativeTarget section */
		8B313B831F74E57D008B5B5C /* SSMPrototype */ = {
			isa = PBXNativeTarget;
			buildConfigurationList = 8B313B961F74E57D008B5B5C /* Build configuration list for PBXNativeTarget "SSMPrototype" */;
			buildPhases = (
				8B313B801F74E57D008B5B5C /* Sources */,
				8B313B811F74E57D008B5B5C /* Frameworks */,
				8B313B821F74E57D008B5B5C /* Resources */,
			);
			buildRules = (
			);
			dependencies = (
			);
			name = SSMPrototype;
			productName = SSMPrototype;
			productReference = 8B313B841F74E57D008B5B5C /* SSMPrototype.app */;
			productType = "com.apple.product-type.application";
		};
/* End PBXNativeTarget section */

/* Begin PBXProject section */
		8B313B7C1F74E57D008B5B5C /* Project object */ = {
			isa = PBXProject;
			attributes = {
				LastSwiftUpdateCheck = 0900;
				LastUpgradeCheck = 0900;
				ORGANIZATIONNAME = Elliot;
				TargetAttributes = {
					8B313B831F74E57D008B5B5C = {
						CreatedOnToolsVersion = 9.0;
					};
				};
			};
			buildConfigurationList = 8B313B7F1F74E57D008B5B5C /* Build configuration list for PBXProject "SSMPrototype" */;
			compatibilityVersion = "Xcode 8.0";
			developmentRegion = en;
			hasScannedForEncodings = 0;
			knownRegions = (
				en,
				Base,
			);
			mainGroup = 8B313B7B1F74E57D008B5B5C;
			productRefGroup = 8B313B851F74E57D008B5B5C /* Products */;
			projectDirPath = "";
			projectRoot = "";
			targets = (
				8B313B831F74E57D008B5B5C /* SSMPrototype */,
			);
		};
/* End PBXProject section */

/* Begin PBXResourcesBuildPhase section */
		8B313B821F74E57D008B5B5C /* Resources */ = {
			isa = PBXResourcesBuildPhase;
			buildActionMask = 2147483647;
			files = (
				8B313B921F74E57D008B5B5C /* LaunchScreen.storyboard in Resources */,
				8B313B8F1F74E57D008B5B5C /* Assets.xcassets in Resources */,
				8B313B8D1F74E57D008B5B5C /* Main.storyboard in Resources */,
			);
			runOnlyForDeploymentPostprocessing = 0;
		};
/* End PBXResourcesBuildPhase section */

/* Begin PBXSourcesBuildPhase section */
		8B313B801F74E57D008B5B5C /* Sources */ = {
			isa = PBXSourcesBuildPhase;
			buildActionMask = 2147483647;
			files = (
				8B313B8A1F74E57D008B5B5C /* ViewController.swift in Sources */,
				8B313B881F74E57D008B5B5C /* AppDelegate.swift in Sources */,
			);
			runOnlyForDeploymentPostprocessing = 0;
		};
/* End PBXSourcesBuildPhase section */

/* Begin PBXVariantGroup section */
		8B313B8B1F74E57D008B5B5C /* Main.storyboard */ = {
			isa = PBXVariantGroup;
			children = (
				8B313B8C1F74E57D008B5B5C /* Base */,
			);
			name = Main.storyboard;
			sourceTree = "<group>";
		};
		8B313B901F74E57D008B5B5C /* LaunchScreen.storyboard */ = {
			isa = PBXVariantGroup;
			children = (
				8B313B911F74E57D008B5B5C /* Base */,
			);
			name = LaunchScreen.storyboard;
			sourceTree = "<group>";
		};
/* End PBXVariantGroup section */

/* Begin XCBuildConfiguration section */
		8B313B941F74E57D008B5B5C /* Debug */ = {
			isa = XCBuildConfiguration;
			buildSettings = {
				ALWAYS_SEARCH_USER_PATHS = NO;
				CLANG_ANALYZER_NONNULL = YES;
				CLANG_ANALYZER_NUMBER_OBJECT_CONVERSION = YES_AGGRESSIVE;
				CLANG_CXX_LANGUAGE_STANDARD = "gnu++14";
				CLANG_CXX_LIBRARY = "libc++";
				CLANG_ENABLE_MODULES = YES;
				CLANG_ENABLE_OBJC_ARC = YES;
				CLANG_WARN_BLOCK_CAPTURE_AUTORELEASING = YES;
				CLANG_WARN_BOOL_CONVERSION = YES;
				CLANG_WARN_COMMA = YES;
				CLANG_WARN_CONSTANT_CONVERSION = YES;
				CLANG_WARN_DIRECT_OBJC_ISA_USAGE = YES_ERROR;
				CLANG_WARN_DOCUMENTATION_COMMENTS = YES;
				CLANG_WARN_EMPTY_BODY = YES;
				CLANG_WARN_ENUM_CONVERSION = YES;
				CLANG_WARN_INFINITE_RECURSION = YES;
				CLANG_WARN_INT_CONVERSION = YES;
				CLANG_WARN_OBJC_ROOT_CLASS = YES_ERROR;
				CLANG_WARN_RANGE_LOOP_ANALYSIS = YES;
				CLANG_WARN_STRICT_PROTOTYPES = YES;
				CLANG_WARN_SUSPICIOUS_MOVE = YES;
				CLANG_WARN_UNGUARDED_AVAILABILITY = YES_AGGRESSIVE;
				CLANG_WARN_UNREACHABLE_CODE = YES;
				CLANG_WARN__DUPLICATE_METHOD_MATCH = YES;
				CODE_SIGN_IDENTITY = "iPhone Developer";
				COPY_PHASE_STRIP = NO;
				DEBUG_INFORMATION_FORMAT = dwarf;
				ENABLE_STRICT_OBJC_MSGSEND = YES;
				ENABLE_TESTABILITY = YES;
				GCC_C_LANGUAGE_STANDARD = gnu11;
				GCC_DYNAMIC_NO_PIC = NO;
				GCC_NO_COMMON_BLOCKS = YES;
				GCC_OPTIMIZATION_LEVEL = 0;
				GCC_PREPROCESSOR_DEFINITIONS = (
					"DEBUG=1",
					"$(inherited)",
				);
				GCC_WARN_64_TO_32_BIT_CONVERSION = YES;
				GCC_WARN_ABOUT_RETURN_TYPE = YES_ERROR;
				GCC_WARN_UNDECLARED_SELECTOR = YES;
				GCC_WARN_UNINITIALIZED_AUTOS = YES_AGGRESSIVE;
				GCC_WARN_UNUSED_FUNCTION = YES;
				GCC_WARN_UNUSED_VARIABLE = YES;
				IPHONEOS_DEPLOYMENT_TARGET = 11.0;
				MTL_ENABLE_DEBUG_INFO = YES;
				ONLY_ACTIVE_ARCH = YES;
				SDKROOT = iphoneos;
				SWIFT_ACTIVE_COMPILATION_CONDITIONS = DEBUG;
				SWIFT_OPTIMIZATION_LEVEL = "-Onone";
			};
			name = Debug;
		};
		8B313B951F74E57D008B5B5C /* Release */ = {
			isa = XCBuildConfiguration;
			buildSettings = {
				ALWAYS_SEARCH_USER_PATHS = NO;
				CLANG_ANALYZER_NONNULL = YES;
				CLANG_ANALYZER_NUMBER_OBJECT_CONVERSION = YES_AGGRESSIVE;
				CLANG_CXX_LANGUAGE_STANDARD = "gnu++14";
				CLANG_CXX_LIBRARY = "libc++";
				CLANG_ENABLE_MODULES = YES;
				CLANG_ENABLE_OBJC_ARC = YES;
				CLANG_WARN_BLOCK_CAPTURE_AUTORELEASING = YES;
				CLANG_WARN_BOOL_CONVERSION = YES;
				CLANG_WARN_COMMA = YES;
				CLANG_WARN_CONSTANT_CONVERSION = YES;
				CLANG_WARN_DIRECT_OBJC_ISA_USAGE = YES_ERROR;
				CLANG_WARN_DOCUMENTATION_COMMENTS = YES;
				CLANG_WARN_EMPTY_BODY = YES;
				CLANG_WARN_ENUM_CONVERSION = YES;
				CLANG_WARN_INFINITE_RECURSION = YES;
				CLANG_WARN_INT_CONVERSION = YES;
				CLANG_WARN_OBJC_ROOT_CLASS = YES_ERROR;
				CLANG_WARN_RANGE_LOOP_ANALYSIS = YES;
				CLANG_WARN_STRICT_PROTOTYPES = YES;
				CLANG_WARN_SUSPICIOUS_MOVE = YES;
				CLANG_WARN_UNGUARDED_AVAILABILITY = YES_AGGRESSIVE;
				CLANG_WARN_UNREACHABLE_CODE = YES;
				CLANG_WARN__DUPLICATE_METHOD_MATCH = YES;
				CODE_SIGN_IDENTITY = "iPhone Developer";
				COPY_PHASE_STRIP = NO;
				DEBUG_INFORMATION_FORMAT = "dwarf-with-dsym";
				ENABLE_NS_ASSERTIONS = NO;
				ENABLE_STRICT_OBJC_MSGSEND = YES;
				GCC_C_LANGUAGE_STANDARD = gnu11;
				GCC_NO_COMMON_BLOCKS = YES;
				GCC_WARN_64_TO_32_BIT_CONVERSION = YES;
				GCC_WARN_ABOUT_RETURN_TYPE = YES_ERROR;
				GCC_WARN_UNDECLARED_SELECTOR = YES;
				GCC_WARN_UNINITIALIZED_AUTOS = YES_AGGRESSIVE;
				GCC_WARN_UNUSED_FUNCTION = YES;
				GCC_WARN_UNUSED_VARIABLE = YES;
				IPHONEOS_DEPLOYMENT_TARGET = 11.0;
				MTL_ENABLE_DEBUG_INFO = NO;
				SDKROOT = iphoneos;
				SWIFT_OPTIMIZATION_LEVEL = "-Owholemodule";
				VALIDATE_PRODUCT = YES;
			};
			name = Release;
		};
		8B313B971F74E57D008B5B5C /* Debug */ = {
			isa = XCBuildConfiguration;
			buildSettings = {
				ASSETCATALOG_COMPILER_APPICON_NAME = AppIcon;
				DEVELOPMENT_TEAM = TNEU4B9URB;
				INFOPLIST_FILE = SSMPrototype/Info.plist;
				LD_RUNPATH_SEARCH_PATHS = "$(inherited) @executable_path/Frameworks";
				PRODUCT_BUNDLE_IDENTIFIER = com.elliot.SSMPrototype;
				PRODUCT_NAME = "$(TARGET_NAME)";
				SWIFT_VERSION = 4.0;
				TARGETED_DEVICE_FAMILY = "1,2";
			};
			name = Debug;
		};
		8B313B981F74E57D008B5B5C /* Release */ = {
			isa = XCBuildConfiguration;
			buildSettings = {
				ASSETCATALOG_COMPILER_APPICON_NAME = AppIcon;
				DEVELOPMENT_TEAM = TNEU4B9URB;
				INFOPLIST_FILE = SSMPrototype/Info.plist;
				LD_RUNPATH_SEARCH_PATHS = "$(inherited) @executable_path/Frameworks";
				PRODUCT_BUNDLE_IDENTIFIER = com.elliot.SSMPrototype;
				PRODUCT_NAME = "$(TARGET_NAME)";
				SWIFT_VERSION = 4.0;
				TARGETED_DEVICE_FAMILY = "1,2";
			};
			name = Release;
		};
/* End XCBuildConfiguration section */

/* Begin XCConfigurationList section */
		8B313B7F1F74E57D008B5B5C /* Build configuration list for PBXProject "SSMPrototype" */ = {
			isa = XCConfigurationList;
			buildConfigurations = (
				8B313B941F74E57D008B5B5C /* Debug */,
				8B313B951F74E57D008B5B5C /* Release */,
			);
			defaultConfigurationIsVisible = 0;
			defaultConfigurationName = Release;
		};
		8B313B961F74E57D008B5B5C /* Build configuration list for PBXNativeTarget "SSMPrototype" */ = {
			isa = XCConfigurationList;
			buildConfigurations = (
				8B313B971F74E57D008B5B5C /* Debug */,
				8B313B981F74E57D008B5B5C /* Release */,
			);
			defaultConfigurationIsVisible = 0;
		};
/* End XCConfigurationList section */
	};
	rootObject = 8B313B7C1F74E57D008B5B5C /* Project object */;
}
