// !$*UTF8*$!
{
	archiveVersion = 1;
	classes = {
	};
	objectVersion = 48;
	objects = {

/* Begin PBXBuildFile section */
		8B313B881F74E57D008B5B5C /* AppDelegate.swift in Sources */ = {isa = PBXBuildFile; fileRef = 8B313B871F74E57D008B5B5C /* AppDelegate.swift */; };
		8B313B8A1F74E57D008B5B5C /* SignInVC.swift in Sources */ = {isa = PBXBuildFile; fileRef = 8B313B891F74E57D008B5B5C /* SignInVC.swift */; };
		8B313B8D1F74E57D008B5B5C /* Main.storyboard in Resources */ = {isa = PBXBuildFile; fileRef = 8B313B8B1F74E57D008B5B5C /* Main.storyboard */; };
		8B313B8F1F74E57D008B5B5C /* Assets.xcassets in Resources */ = {isa = PBXBuildFile; fileRef = 8B313B8E1F74E57D008B5B5C /* Assets.xcassets */; };
		8B313B921F74E57D008B5B5C /* LaunchScreen.storyboard in Resources */ = {isa = PBXBuildFile; fileRef = 8B313B901F74E57D008B5B5C /* LaunchScreen.storyboard */; };
		8B3B54ED1F79241B00CC72BB /* SICView.swift in Sources */ = {isa = PBXBuildFile; fileRef = 8B3B54EC1F79241A00CC72BB /* SICView.swift */; };
		8B3B54F01F7924A400CC72BB /* Contants.swift in Sources */ = {isa = PBXBuildFile; fileRef = 8B3B54EF1F7924A400CC72BB /* Contants.swift */; };
		8B608E731F7D9C3700E72A8B /* DataService.swift in Sources */ = {isa = PBXBuildFile; fileRef = 8B608E721F7D9C3700E72A8B /* DataService.swift */; };
		8B608E751F7DCB8500E72A8B /* Post.swift in Sources */ = {isa = PBXBuildFile; fileRef = 8B608E741F7DCB8500E72A8B /* Post.swift */; };
		8BBED2CE1F7AD48E000A734F /* CutCorners.swift in Sources */ = {isa = PBXBuildFile; fileRef = 8BBED2CD1F7AD48E000A734F /* CutCorners.swift */; };
		8BBED2D01F7AF57D000A734F /* CircleView.swift in Sources */ = {isa = PBXBuildFile; fileRef = 8BBED2CF1F7AF57D000A734F /* CircleView.swift */; };
		8BEC9CCF1F79CD1B004C5283 /* GoogleService-Info.plist in CopyFiles */ = {isa = PBXBuildFile; fileRef = 8BEC9CCE1F79CD0D004C5283 /* GoogleService-Info.plist */; };
		8BEC9CD21F7A07ED004C5283 /* FeedVC.swift in Sources */ = {isa = PBXBuildFile; fileRef = 8BEC9CD11F7A07ED004C5283 /* FeedVC.swift */; };
		8BEE9A8B1F793241001F4414 /* RndBtn.swift in Sources */ = {isa = PBXBuildFile; fileRef = 8BEE9A8A1F793241001F4414 /* RndBtn.swift */; };
		8BEE9A8D1F793653001F4414 /* TxtField.swift in Sources */ = {isa = PBXBuildFile; fileRef = 8BEE9A8C1F793653001F4414 /* TxtField.swift */; };
		8BEE9A911F793E47001F4414 /* CustomLbl.swift in Sources */ = {isa = PBXBuildFile; fileRef = 8BEE9A901F793E47001F4414 /* CustomLbl.swift */; };
		8BEE9A931F794192001F4414 /* FancyBtn.swift in Sources */ = {isa = PBXBuildFile; fileRef = 8BEE9A921F794192001F4414 /* FancyBtn.swift */; };
		8BEEED711F7B85FE00C24799 /* PostCell.swift in Sources */ = {isa = PBXBuildFile; fileRef = 8BEEED701F7B85FE00C24799 /* PostCell.swift */; };
		CB2CB60C6CFCFE7B75E36EF5 /* Pods_SSMPrototype.framework in Frameworks */ = {isa = PBXBuildFile; fileRef = 3BCADD06C86A9C2129572E67 /* Pods_SSMPrototype.framework */; };
/* End PBXBuildFile section */

/* Begin PBXCopyFilesBuildPhase section */
		8BEC9CCC1F79CCB6004C5283 /* CopyFiles */ = {
			isa = PBXCopyFilesBuildPhase;
			buildActionMask = 2147483647;
			dstPath = "";
			dstSubfolderSpec = 7;
			files = (
				8BEC9CCF1F79CD1B004C5283 /* GoogleService-Info.plist in CopyFiles */,
			);
			runOnlyForDeploymentPostprocessing = 0;
		};
/* End PBXCopyFilesBuildPhase section */

/* Begin PBXFileReference section */
		2669750419A5B996FA4FEB63 /* Pods-SSMPrototype.release.xcconfig */ = {isa = PBXFileReference; includeInIndex = 1; lastKnownFileType = text.xcconfig; name = "Pods-SSMPrototype.release.xcconfig"; path = "Pods/Target Support Files/Pods-SSMPrototype/Pods-SSMPrototype.release.xcconfig"; sourceTree = "<group>"; };
		3BCADD06C86A9C2129572E67 /* Pods_SSMPrototype.framework */ = {isa = PBXFileReference; explicitFileType = wrapper.framework; includeInIndex = 0; path = Pods_SSMPrototype.framework; sourceTree = BUILT_PRODUCTS_DIR; };
		45F4C1BA17747926D1F3DA5B /* Pods-SSMPrototype.debug.xcconfig */ = {isa = PBXFileReference; includeInIndex = 1; lastKnownFileType = text.xcconfig; name = "Pods-SSMPrototype.debug.xcconfig"; path = "Pods/Target Support Files/Pods-SSMPrototype/Pods-SSMPrototype.debug.xcconfig"; sourceTree = "<group>"; };
		8B10888B1F79A3ED00F5B22A /* Bolts.framework */ = {isa = PBXFileReference; lastKnownFileType = wrapper.framework; path = Bolts.framework; sourceTree = "<group>"; };
		8B1088901F79A3ED00F5B22A /* FBSDKCoreKit.framework */ = {isa = PBXFileReference; lastKnownFileType = wrapper.framework; path = FBSDKCoreKit.framework; sourceTree = "<group>"; };
		8B1088911F79A3ED00F5B22A /* FBSDKLoginKit.framework */ = {isa = PBXFileReference; lastKnownFileType = wrapper.framework; path = FBSDKLoginKit.framework; sourceTree = "<group>"; };
		8B1088941F79A3ED00F5B22A /* FBSDKShareKit.framework */ = {isa = PBXFileReference; lastKnownFileType = wrapper.framework; path = FBSDKShareKit.framework; sourceTree = "<group>"; };
		8B313B841F74E57D008B5B5C /* SSMPrototype.app */ = {isa = PBXFileReference; explicitFileType = wrapper.application; includeInIndex = 0; path = SSMPrototype.app; sourceTree = BUILT_PRODUCTS_DIR; };
		8B313B871F74E57D008B5B5C /* AppDelegate.swift */ = {isa = PBXFileReference; lastKnownFileType = sourcecode.swift; path = AppDelegate.swift; sourceTree = "<group>"; };
		8B313B891F74E57D008B5B5C /* SignInVC.swift */ = {isa = PBXFileReference; lastKnownFileType = sourcecode.swift; path = SignInVC.swift; sourceTree = "<group>"; };
		8B313B8C1F74E57D008B5B5C /* Base */ = {isa = PBXFileReference; lastKnownFileType = file.storyboard; name = Base; path = Base.lproj/Main.storyboard; sourceTree = "<group>"; };
		8B313B8E1F74E57D008B5B5C /* Assets.xcassets */ = {isa = PBXFileReference; lastKnownFileType = folder.assetcatalog; path = Assets.xcassets; sourceTree = "<group>"; };
		8B313B911F74E57D008B5B5C /* Base */ = {isa = PBXFileReference; lastKnownFileType = file.storyboard; name = Base; path = Base.lproj/LaunchScreen.storyboard; sourceTree = "<group>"; };
		8B313B931F74E57D008B5B5C /* Info.plist */ = {isa = PBXFileReference; lastKnownFileType = text.plist.xml; path = Info.plist; sourceTree = "<group>"; };
		8B3B54EC1F79241A00CC72BB /* SICView.swift */ = {isa = PBXFileReference; lastKnownFileType = sourcecode.swift; path = SICView.swift; sourceTree = "<group>"; };
		8B3B54EF1F7924A400CC72BB /* Contants.swift */ = {isa = PBXFileReference; lastKnownFileType = sourcecode.swift; path = Contants.swift; sourceTree = "<group>"; };
		8B608E721F7D9C3700E72A8B /* DataService.swift */ = {isa = PBXFileReference; lastKnownFileType = sourcecode.swift; path = DataService.swift; sourceTree = "<group>"; };
		8B608E741F7DCB8500E72A8B /* Post.swift */ = {isa = PBXFileReference; lastKnownFileType = sourcecode.swift; path = Post.swift; sourceTree = "<group>"; };
		8BBED2CD1F7AD48E000A734F /* CutCorners.swift */ = {isa = PBXFileReference; lastKnownFileType = sourcecode.swift; path = CutCorners.swift; sourceTree = "<group>"; };
		8BBED2CF1F7AF57D000A734F /* CircleView.swift */ = {isa = PBXFileReference; lastKnownFileType = sourcecode.swift; path = CircleView.swift; sourceTree = "<group>"; };
		8BEC9CCE1F79CD0D004C5283 /* GoogleService-Info.plist */ = {isa = PBXFileReference; lastKnownFileType = text.plist.xml; path = "GoogleService-Info.plist"; sourceTree = "<group>"; };
		8BEC9CD01F79D0AC004C5283 /* SSMPrototype.entitlements */ = {isa = PBXFileReference; lastKnownFileType = text.plist.entitlements; path = SSMPrototype.entitlements; sourceTree = "<group>"; };
		8BEC9CD11F7A07ED004C5283 /* FeedVC.swift */ = {isa = PBXFileReference; lastKnownFileType = sourcecode.swift; path = FeedVC.swift; sourceTree = "<group>"; };
		8BEE9A8A1F793241001F4414 /* RndBtn.swift */ = {isa = PBXFileReference; lastKnownFileType = sourcecode.swift; path = RndBtn.swift; sourceTree = "<group>"; };
		8BEE9A8C1F793653001F4414 /* TxtField.swift */ = {isa = PBXFileReference; lastKnownFileType = sourcecode.swift; path = TxtField.swift; sourceTree = "<group>"; };
		8BEE9A901F793E47001F4414 /* CustomLbl.swift */ = {isa = PBXFileReference; lastKnownFileType = sourcecode.swift; path = CustomLbl.swift; sourceTree = "<group>"; };
		8BEE9A921F794192001F4414 /* FancyBtn.swift */ = {isa = PBXFileReference; lastKnownFileType = sourcecode.swift; path = FancyBtn.swift; sourceTree = "<group>"; };
		8BEEED701F7B85FE00C24799 /* PostCell.swift */ = {isa = PBXFileReference; lastKnownFileType = sourcecode.swift; path = PostCell.swift; sourceTree = "<group>"; };
/* End PBXFileReference section */

/* Begin PBXFrameworksBuildPhase section */
		8B313B811F74E57D008B5B5C /* Frameworks */ = {
			isa = PBXFrameworksBuildPhase;
			buildActionMask = 2147483647;
			files = (
				CB2CB60C6CFCFE7B75E36EF5 /* Pods_SSMPrototype.framework in Frameworks */,
			);
			runOnlyForDeploymentPostprocessing = 0;
		};
/* End PBXFrameworksBuildPhase section */

/* Begin PBXGroup section */
		34B9026F275A8255FC6FAFB7 /* Pods */ = {
			isa = PBXGroup;
			children = (
				45F4C1BA17747926D1F3DA5B /* Pods-SSMPrototype.debug.xcconfig */,
				2669750419A5B996FA4FEB63 /* Pods-SSMPrototype.release.xcconfig */,
			);
			name = Pods;
			sourceTree = "<group>";
		};
		48D539AF674F8CFD5E3D3659 /* Frameworks */ = {
			isa = PBXGroup;
			children = (
				3BCADD06C86A9C2129572E67 /* Pods_SSMPrototype.framework */,
			);
			name = Frameworks;
			sourceTree = "<group>";
		};
		8B1088871F79A3CC00F5B22A /* Framework */ = {
			isa = PBXGroup;
			children = (
				8B1088881F79A3ED00F5B22A /* FacebookSDKs-iOS-4 */,
			);
			path = Framework;
			sourceTree = "<group>";
		};
		8B1088881F79A3ED00F5B22A /* FacebookSDKs-iOS-4 */ = {
			isa = PBXGroup;
			children = (
				8B10888B1F79A3ED00F5B22A /* Bolts.framework */,
				8B1088901F79A3ED00F5B22A /* FBSDKCoreKit.framework */,
				8B1088911F79A3ED00F5B22A /* FBSDKLoginKit.framework */,
				8B1088941F79A3ED00F5B22A /* FBSDKShareKit.framework */,
			);
			path = "FacebookSDKs-iOS-4";
			sourceTree = "<group>";
		};
		8B313B7B1F74E57D008B5B5C = {
			isa = PBXGroup;
			children = (
				8B313B861F74E57D008B5B5C /* SSMPrototype */,
				8B313B851F74E57D008B5B5C /* Products */,
				34B9026F275A8255FC6FAFB7 /* Pods */,
				48D539AF674F8CFD5E3D3659 /* Frameworks */,
			);
			sourceTree = "<group>";
		};
		8B313B851F74E57D008B5B5C /* Products */ = {
			isa = PBXGroup;
			children = (
				8B313B841F74E57D008B5B5C /* SSMPrototype.app */,
			);
			name = Products;
			sourceTree = "<group>";
		};
		8B313B861F74E57D008B5B5C /* SSMPrototype */ = {
			isa = PBXGroup;
			children = (
				8B608E711F7D9C1100E72A8B /* Services */,
				8BEC9CD01F79D0AC004C5283 /* SSMPrototype.entitlements */,
				8BEC9CCE1F79CD0D004C5283 /* GoogleService-Info.plist */,
				8B3B54EE1F79249100CC72BB /* Util */,
				8B1088871F79A3CC00F5B22A /* Framework */,
				8B3B54E91F78F36E00CC72BB /* Model */,
				8B3B54EA1F78F37500CC72BB /* View */,
				8B3B54EB1F78F37B00CC72BB /* Controller */,
				8B313B871F74E57D008B5B5C /* AppDelegate.swift */,
				8B313B8B1F74E57D008B5B5C /* Main.storyboard */,
				8B313B8E1F74E57D008B5B5C /* Assets.xcassets */,
				8B313B901F74E57D008B5B5C /* LaunchScreen.storyboard */,
				8B313B931F74E57D008B5B5C /* Info.plist */,
			);
			path = SSMPrototype;
			sourceTree = "<group>";
		};
		8B3B54E91F78F36E00CC72BB /* Model */ = {
			isa = PBXGroup;
			children = (
				8B608E741F7DCB8500E72A8B /* Post.swift */,
			);
			path = Model;
			sourceTree = "<group>";
		};
		8B3B54EA1F78F37500CC72BB /* View */ = {
			isa = PBXGroup;
			children = (
				8B3B54EC1F79241A00CC72BB /* SICView.swift */,
				8BEE9A8A1F793241001F4414 /* RndBtn.swift */,
				8BEE9A8C1F793653001F4414 /* TxtField.swift */,
				8BEE9A901F793E47001F4414 /* CustomLbl.swift */,
				8BEE9A921F794192001F4414 /* FancyBtn.swift */,
				8BBED2CD1F7AD48E000A734F /* CutCorners.swift */,
				8BBED2CF1F7AF57D000A734F /* CircleView.swift */,
				8BEEED701F7B85FE00C24799 /* PostCell.swift */,
			);
			path = View;
			sourceTree = "<group>";
		};
		8B3B54EB1F78F37B00CC72BB /* Controller */ = {
			isa = PBXGroup;
			children = (
				8B313B891F74E57D008B5B5C /* SignInVC.swift */,
				8BEC9CD11F7A07ED004C5283 /* FeedVC.swift */,
			);
			path = Controller;
			sourceTree = "<group>";
		};
		8B3B54EE1F79249100CC72BB /* Util */ = {
			isa = PBXGroup;
			children = (
				8B3B54EF1F7924A400CC72BB /* Contants.swift */,
			);
			path = Util;
			sourceTree = "<group>";
		};
		8B608E711F7D9C1100E72A8B /* Services */ = {
			isa = PBXGroup;
			children = (
				8B608E721F7D9C3700E72A8B /* DataService.swift */,
			);
			path = Services;
			sourceTree = "<group>";
		};
/* End PBXGroup section */

/* Begin PBXNativeTarget section */
		8B313B831F74E57D008B5B5C /* SSMPrototype */ = {
			isa = PBXNativeTarget;
			buildConfigurationList = 8B313B961F74E57D008B5B5C /* Build configuration list for PBXNativeTarget "SSMPrototype" */;
			buildPhases = (
				D8ABD689C72412189B11D891 /* [CP] Check Pods Manifest.lock */,
				8B313B801F74E57D008B5B5C /* Sources */,
				8B313B811F74E57D008B5B5C /* Frameworks */,
				8B313B821F74E57D008B5B5C /* Resources */,
				DDAA9062066C325AB941AF5B /* [CP] Embed Pods Frameworks */,
				A58AC8C4554B25A3157AEBE8 /* [CP] Copy Pods Resources */,
				8BEC9CCC1F79CCB6004C5283 /* CopyFiles */,
			);
			buildRules = (
			);
			dependencies = (
			);
			name = SSMPrototype;
			productName = SSMPrototype;
			productReference = 8B313B841F74E57D008B5B5C /* SSMPrototype.app */;
			productType = "com.apple.product-type.application";
		};
/* End PBXNativeTarget section */

/* Begin PBXProject section */
		8B313B7C1F74E57D008B5B5C /* Project object */ = {
			isa = PBXProject;
			attributes = {
				LastSwiftUpdateCheck = 0900;
				LastUpgradeCheck = 0900;
				ORGANIZATIONNAME = Elliot;
				TargetAttributes = {
					8B313B831F74E57D008B5B5C = {
						CreatedOnToolsVersion = 9.0;
						SystemCapabilities = {
							com.apple.Keychain = {
								enabled = 1;
							};
						};
					};
				};
			};
			buildConfigurationList = 8B313B7F1F74E57D008B5B5C /* Build configuration list for PBXProject "SSMPrototype" */;
			compatibilityVersion = "Xcode 8.0";
			developmentRegion = en;
			hasScannedForEncodings = 0;
			knownRegions = (
				en,
				Base,
			);
			mainGroup = 8B313B7B1F74E57D008B5B5C;
			productRefGroup = 8B313B851F74E57D008B5B5C /* Products */;
			projectDirPath = "";
			projectRoot = "";
			targets = (
				8B313B831F74E57D008B5B5C /* SSMPrototype */,
			);
		};
/* End PBXProject section */

/* Begin PBXResourcesBuildPhase section */
		8B313B821F74E57D008B5B5C /* Resources */ = {
			isa = PBXResourcesBuildPhase;
			buildActionMask = 2147483647;
			files = (
				8B313B921F74E57D008B5B5C /* LaunchScreen.storyboard in Resources */,
				8B313B8F1F74E57D008B5B5C /* Assets.xcassets in Resources */,
				8B313B8D1F74E57D008B5B5C /* Main.storyboard in Resources */,
			);
			runOnlyForDeploymentPostprocessing = 0;
		};
/* End PBXResourcesBuildPhase section */

/* Begin PBXShellScriptBuildPhase section */
		A58AC8C4554B25A3157AEBE8 /* [CP] Copy Pods Resources */ = {
			isa = PBXShellScriptBuildPhase;
			buildActionMask = 2147483647;
			files = (
			);
			inputPaths = (
			);
			name = "[CP] Copy Pods Resources";
			outputPaths = (
			);
			runOnlyForDeploymentPostprocessing = 0;
			shellPath = /bin/sh;
			shellScript = "\"${SRCROOT}/Pods/Target Support Files/Pods-SSMPrototype/Pods-SSMPrototype-resources.sh\"\n";
			showEnvVarsInLog = 0;
		};
		D8ABD689C72412189B11D891 /* [CP] Check Pods Manifest.lock */ = {
			isa = PBXShellScriptBuildPhase;
			buildActionMask = 2147483647;
			files = (
			);
			inputPaths = (
			);
			name = "[CP] Check Pods Manifest.lock";
			outputPaths = (
			);
			runOnlyForDeploymentPostprocessing = 0;
			shellPath = /bin/sh;
			shellScript = "diff \"${PODS_PODFILE_DIR_PATH}/Podfile.lock\" \"${PODS_ROOT}/Manifest.lock\" > /dev/null\nif [ $? != 0 ] ; then\n    # print error to STDERR\n    echo \"error: The sandbox is not in sync with the Podfile.lock. Run 'pod install' or update your CocoaPods installation.\" >&2\n    exit 1\nfi\n";
			showEnvVarsInLog = 0;
		};
		DDAA9062066C325AB941AF5B /* [CP] Embed Pods Frameworks */ = {
			isa = PBXShellScriptBuildPhase;
			buildActionMask = 2147483647;
			files = (
			);
			inputPaths = (
			);
			name = "[CP] Embed Pods Frameworks";
			outputPaths = (
			);
			runOnlyForDeploymentPostprocessing = 0;
			shellPath = /bin/sh;
			shellScript = "\"${SRCROOT}/Pods/Target Support Files/Pods-SSMPrototype/Pods-SSMPrototype-frameworks.sh\"\n";
			showEnvVarsInLog = 0;
		};
/* End PBXShellScriptBuildPhase section */

/* Begin PBXSourcesBuildPhase section */
		8B313B801F74E57D008B5B5C /* Sources */ = {
			isa = PBXSourcesBuildPhase;
			buildActionMask = 2147483647;
			files = (
				8BEC9CD21F7A07ED004C5283 /* FeedVC.swift in Sources */,
				8B608E731F7D9C3700E72A8B /* DataService.swift in Sources */,
				8B313B8A1F74E57D008B5B5C /* SignInVC.swift in Sources */,
				8BEE9A8D1F793653001F4414 /* TxtField.swift in Sources */,
				8B3B54ED1F79241B00CC72BB /* SICView.swift in Sources */,
				8B608E751F7DCB8500E72A8B /* Post.swift in Sources */,
				8BEE9A911F793E47001F4414 /* CustomLbl.swift in Sources */,
				8B313B881F74E57D008B5B5C /* AppDelegate.swift in Sources */,
				8B3B54F01F7924A400CC72BB /* Contants.swift in Sources */,
				8BEE9A931F794192001F4414 /* FancyBtn.swift in Sources */,
				8BEE9A8B1F793241001F4414 /* RndBtn.swift in Sources */,
				8BBED2CE1F7AD48E000A734F /* CutCorners.swift in Sources */,
				8BBED2D01F7AF57D000A734F /* CircleView.swift in Sources */,
				8BEEED711F7B85FE00C24799 /* PostCell.swift in Sources */,
			);
			runOnlyForDeploymentPostprocessing = 0;
		};
/* End PBXSourcesBuildPhase section */

/* Begin PBXVariantGroup section */
		8B313B8B1F74E57D008B5B5C /* Main.storyboard */ = {
			isa = PBXVariantGroup;
			children = (
				8B313B8C1F74E57D008B5B5C /* Base */,
			);
			name = Main.storyboard;
			sourceTree = "<group>";
		};
		8B313B901F74E57D008B5B5C /* LaunchScreen.storyboard */ = {
			isa = PBXVariantGroup;
			children = (
				8B313B911F74E57D008B5B5C /* Base */,
			);
			name = LaunchScreen.storyboard;
			sourceTree = "<group>";
		};
/* End PBXVariantGroup section */

/* Begin XCBuildConfiguration section */
		8B313B941F74E57D008B5B5C /* Debug */ = {
			isa = XCBuildConfiguration;
			buildSettings = {
				ALWAYS_SEARCH_USER_PATHS = NO;
				CLANG_ANALYZER_NONNULL = YES;
				CLANG_ANALYZER_NUMBER_OBJECT_CONVERSION = YES_AGGRESSIVE;
				CLANG_CXX_LANGUAGE_STANDARD = "gnu++14";
				CLANG_CXX_LIBRARY = "libc++";
				CLANG_ENABLE_MODULES = YES;
				CLANG_ENABLE_OBJC_ARC = YES;
				CLANG_WARN_BLOCK_CAPTURE_AUTORELEASING = YES;
				CLANG_WARN_BOOL_CONVERSION = YES;
				CLANG_WARN_COMMA = YES;
				CLANG_WARN_CONSTANT_CONVERSION = YES;
				CLANG_WARN_DIRECT_OBJC_ISA_USAGE = YES_ERROR;
				CLANG_WARN_DOCUMENTATION_COMMENTS = YES;
				CLANG_WARN_EMPTY_BODY = YES;
				CLANG_WARN_ENUM_CONVERSION = YES;
				CLANG_WARN_INFINITE_RECURSION = YES;
				CLANG_WARN_INT_CONVERSION = YES;
				CLANG_WARN_NON_LITERAL_NULL_CONVERSION = YES;
				CLANG_WARN_OBJC_LITERAL_CONVERSION = YES;
				CLANG_WARN_OBJC_ROOT_CLASS = YES_ERROR;
				CLANG_WARN_RANGE_LOOP_ANALYSIS = YES;
				CLANG_WARN_STRICT_PROTOTYPES = YES;
				CLANG_WARN_SUSPICIOUS_MOVE = YES;
				CLANG_WARN_UNGUARDED_AVAILABILITY = YES_AGGRESSIVE;
				CLANG_WARN_UNREACHABLE_CODE = YES;
				CLANG_WARN__DUPLICATE_METHOD_MATCH = YES;
				CODE_SIGN_IDENTITY = "iPhone Developer";
				COPY_PHASE_STRIP = NO;
				DEBUG_INFORMATION_FORMAT = dwarf;
				ENABLE_STRICT_OBJC_MSGSEND = YES;
				ENABLE_TESTABILITY = YES;
				GCC_C_LANGUAGE_STANDARD = gnu11;
				GCC_DYNAMIC_NO_PIC = NO;
				GCC_NO_COMMON_BLOCKS = YES;
				GCC_OPTIMIZATION_LEVEL = 0;
				GCC_PREPROCESSOR_DEFINITIONS = (
					"DEBUG=1",
					"$(inherited)",
				);
				GCC_WARN_64_TO_32_BIT_CONVERSION = YES;
				GCC_WARN_ABOUT_RETURN_TYPE = YES_ERROR;
				GCC_WARN_UNDECLARED_SELECTOR = YES;
				GCC_WARN_UNINITIALIZED_AUTOS = YES_AGGRESSIVE;
				GCC_WARN_UNUSED_FUNCTION = YES;
				GCC_WARN_UNUSED_VARIABLE = YES;
				IPHONEOS_DEPLOYMENT_TARGET = 11.0;
				MTL_ENABLE_DEBUG_INFO = YES;
				ONLY_ACTIVE_ARCH = YES;
				SDKROOT = iphoneos;
				SWIFT_ACTIVE_COMPILATION_CONDITIONS = DEBUG;
				SWIFT_OPTIMIZATION_LEVEL = "-Onone";
			};
			name = Debug;
		};
		8B313B951F74E57D008B5B5C /* Release */ = {
			isa = XCBuildConfiguration;
			buildSettings = {
				ALWAYS_SEARCH_USER_PATHS = NO;
				CLANG_ANALYZER_NONNULL = YES;
				CLANG_ANALYZER_NUMBER_OBJECT_CONVERSION = YES_AGGRESSIVE;
				CLANG_CXX_LANGUAGE_STANDARD = "gnu++14";
				CLANG_CXX_LIBRARY = "libc++";
				CLANG_ENABLE_MODULES = YES;
				CLANG_ENABLE_OBJC_ARC = YES;
				CLANG_WARN_BLOCK_CAPTURE_AUTORELEASING = YES;
				CLANG_WARN_BOOL_CONVERSION = YES;
				CLANG_WARN_COMMA = YES;
				CLANG_WARN_CONSTANT_CONVERSION = YES;
				CLANG_WARN_DIRECT_OBJC_ISA_USAGE = YES_ERROR;
				CLANG_WARN_DOCUMENTATION_COMMENTS = YES;
				CLANG_WARN_EMPTY_BODY = YES;
				CLANG_WARN_ENUM_CONVERSION = YES;
				CLANG_WARN_INFINITE_RECURSION = YES;
				CLANG_WARN_INT_CONVERSION = YES;
				CLANG_WARN_NON_LITERAL_NULL_CONVERSION = YES;
				CLANG_WARN_OBJC_LITERAL_CONVERSION = YES;
				CLANG_WARN_OBJC_ROOT_CLASS = YES_ERROR;
				CLANG_WARN_RANGE_LOOP_ANALYSIS = YES;
				CLANG_WARN_STRICT_PROTOTYPES = YES;
				CLANG_WARN_SUSPICIOUS_MOVE = YES;
				CLANG_WARN_UNGUARDED_AVAILABILITY = YES_AGGRESSIVE;
				CLANG_WARN_UNREACHABLE_CODE = YES;
				CLANG_WARN__DUPLICATE_METHOD_MATCH = YES;
				CODE_SIGN_IDENTITY = "iPhone Developer";
				COPY_PHASE_STRIP = NO;
				DEBUG_INFORMATION_FORMAT = "dwarf-with-dsym";
				ENABLE_NS_ASSERTIONS = NO;
				ENABLE_STRICT_OBJC_MSGSEND = YES;
				GCC_C_LANGUAGE_STANDARD = gnu11;
				GCC_NO_COMMON_BLOCKS = YES;
				GCC_WARN_64_TO_32_BIT_CONVERSION = YES;
				GCC_WARN_ABOUT_RETURN_TYPE = YES_ERROR;
				GCC_WARN_UNDECLARED_SELECTOR = YES;
				GCC_WARN_UNINITIALIZED_AUTOS = YES_AGGRESSIVE;
				GCC_WARN_UNUSED_FUNCTION = YES;
				GCC_WARN_UNUSED_VARIABLE = YES;
				IPHONEOS_DEPLOYMENT_TARGET = 11.0;
				MTL_ENABLE_DEBUG_INFO = NO;
				SDKROOT = iphoneos;
				SWIFT_OPTIMIZATION_LEVEL = "-Owholemodule";
				VALIDATE_PRODUCT = YES;
			};
			name = Release;
		};
		8B313B971F74E57D008B5B5C /* Debug */ = {
			isa = XCBuildConfiguration;
			baseConfigurationReference = 45F4C1BA17747926D1F3DA5B /* Pods-SSMPrototype.debug.xcconfig */;
			buildSettings = {
				ASSETCATALOG_COMPILER_APPICON_NAME = AppIcon;
				CODE_SIGN_ENTITLEMENTS = SSMPrototype/SSMPrototype.entitlements;
				DEVELOPMENT_TEAM = TNEU4B9URB;
				INFOPLIST_FILE = SSMPrototype/Info.plist;
				LD_RUNPATH_SEARCH_PATHS = "$(inherited) ~/Documents/FacebookSDK ";
				PRODUCT_BUNDLE_IDENTIFIER = com.elliot.SSMPrototype;
				PRODUCT_NAME = "$(TARGET_NAME)";
				REEXPORTED_FRAMEWORK_NAMES = "";
				SWIFT_VERSION = 4.0;
				TARGETED_DEVICE_FAMILY = "1,2";
			};
			name = Debug;
		};
		8B313B981F74E57D008B5B5C /* Release */ = {
			isa = XCBuildConfiguration;
			baseConfigurationReference = 2669750419A5B996FA4FEB63 /* Pods-SSMPrototype.release.xcconfig */;
			buildSettings = {
				ASSETCATALOG_COMPILER_APPICON_NAME = AppIcon;
				CODE_SIGN_ENTITLEMENTS = SSMPrototype/SSMPrototype.entitlements;
				DEVELOPMENT_TEAM = TNEU4B9URB;
				INFOPLIST_FILE = SSMPrototype/Info.plist;
				LD_RUNPATH_SEARCH_PATHS = "$(inherited) ~/Documents/FacebookSDK ";
				PRODUCT_BUNDLE_IDENTIFIER = com.elliot.SSMPrototype;
				PRODUCT_NAME = "$(TARGET_NAME)";
				REEXPORTED_FRAMEWORK_NAMES = "";
				SWIFT_VERSION = 4.0;
				TARGETED_DEVICE_FAMILY = "1,2";
			};
			name = Release;
		};
/* End XCBuildConfiguration section */

/* Begin XCConfigurationList section */
		8B313B7F1F74E57D008B5B5C /* Build configuration list for PBXProject "SSMPrototype" */ = {
			isa = XCConfigurationList;
			buildConfigurations = (
				8B313B941F74E57D008B5B5C /* Debug */,
				8B313B951F74E57D008B5B5C /* Release */,
			);
			defaultConfigurationIsVisible = 0;
			defaultConfigurationName = Release;
		};
		8B313B961F74E57D008B5B5C /* Build configuration list for PBXNativeTarget "SSMPrototype" */ = {
			isa = XCConfigurationList;
			buildConfigurations = (
				8B313B971F74E57D008B5B5C /* Debug */,
				8B313B981F74E57D008B5B5C /* Release */,
			);
			defaultConfigurationIsVisible = 0;
			defaultConfigurationName = Release;
		};
/* End XCConfigurationList section */
	};
	rootObject = 8B313B7C1F74E57D008B5B5C /* Project object */;
}
